
Microsoft Visual Studio Solution File, Format Version 12.00
# Visual Studio 2013
VisualStudioVersion = 12.0.21005.1
MinimumVisualStudioVersion = 10.0.40219.1
Project("{FAE04EC0-301F-11D3-BF4B-00C04F79EFBC}") = "Problem1. English digit", "Problem1. English digit\Problem1. English digit.csproj", "{8E206398-FED1-4F00-800F-1757DF790ACD}"
EndProject
Project("{FAE04EC0-301F-11D3-BF4B-00C04F79EFBC}") = "Problem2. Appearance count", "Problem2. Appearance count\Problem2. Appearance count.csproj", "{364523DC-6C98-4E44-AF4E-9BD14B776126}"
EndProject
Global
	GlobalSection(SolutionConfigurationPlatforms) = preSolution
		Debug|Any CPU = Debug|Any CPU
		Release|Any CPU = Release|Any CPU
	EndGlobalSection
	GlobalSection(ProjectConfigurationPlatforms) = postSolution
		{8E206398-FED1-4F00-800F-1757DF790ACD}.Debug|Any CPU.ActiveCfg = Debug|Any CPU
		{8E206398-FED1-4F00-800F-1757DF790ACD}.Debug|Any CPU.Build.0 = Debug|Any CPU
		{8E206398-FED1-4F00-800F-1757DF790ACD}.Release|Any CPU.ActiveCfg = Release|Any CPU
		{8E206398-FED1-4F00-800F-1757DF790ACD}.Release|Any CPU.Build.0 = Release|Any CPU
		{364523DC-6C98-4E44-AF4E-9BD14B776126}.Debug|Any CPU.ActiveCfg = Debug|Any CPU
		{364523DC-6C98-4E44-AF4E-9BD14B776126}.Debug|Any CPU.Build.0 = Debug|Any CPU
		{364523DC-6C98-4E44-AF4E-9BD14B776126}.Release|Any CPU.ActiveCfg = Release|Any CPU
		{364523DC-6C98-4E44-AF4E-9BD14B776126}.Release|Any CPU.Build.0 = Release|Any CPU
	EndGlobalSection
	GlobalSection(SolutionProperties) = preSolution
		HideSolutionNode = FALSE
	EndGlobalSection
EndGlobal
