
Microsoft Visual Studio Solution File, Format Version 12.00
# Visual Studio 2013
VisualStudioVersion = 12.0.21005.1
MinimumVisualStudioVersion = 10.0.40219.1
Project("{FAE04EC0-301F-11D3-BF4B-00C04F79EFBC}") = "Problem1", "Problem1\Problem1.csproj", "{FD8596A7-6352-47C7-AF6F-49DE50BE4972}"
EndProject
Project("{FAE04EC0-301F-11D3-BF4B-00C04F79EFBC}") = "Problem1.Lab6b", "Problem1.Lab6b\Problem1.Lab6b.csproj", "{A54FA193-4E81-4C51-A6DB-387EFB35195C}"
EndProject
Global
	GlobalSection(SolutionConfigurationPlatforms) = preSolution
		Debug|Any CPU = Debug|Any CPU
		Release|Any CPU = Release|Any CPU
	EndGlobalSection
	GlobalSection(ProjectConfigurationPlatforms) = postSolution
		{FD8596A7-6352-47C7-AF6F-49DE50BE4972}.Debug|Any CPU.ActiveCfg = Debug|Any CPU
		{FD8596A7-6352-47C7-AF6F-49DE50BE4972}.Debug|Any CPU.Build.0 = Debug|Any CPU
		{FD8596A7-6352-47C7-AF6F-49DE50BE4972}.Release|Any CPU.ActiveCfg = Release|Any CPU
		{FD8596A7-6352-47C7-AF6F-49DE50BE4972}.Release|Any CPU.Build.0 = Release|Any CPU
		{A54FA193-4E81-4C51-A6DB-387EFB35195C}.Debug|Any CPU.ActiveCfg = Debug|Any CPU
		{A54FA193-4E81-4C51-A6DB-387EFB35195C}.Debug|Any CPU.Build.0 = Debug|Any CPU
		{A54FA193-4E81-4C51-A6DB-387EFB35195C}.Release|Any CPU.ActiveCfg = Release|Any CPU
		{A54FA193-4E81-4C51-A6DB-387EFB35195C}.Release|Any CPU.Build.0 = Release|Any CPU
	EndGlobalSection
	GlobalSection(SolutionProperties) = preSolution
		HideSolutionNode = FALSE
	EndGlobalSection
EndGlobal
