
Microsoft Visual Studio Solution File, Format Version 12.00
# Visual Studio 2013
VisualStudioVersion = 12.0.21005.1
MinimumVisualStudioVersion = 10.0.40219.1
Project("{FAE04EC0-301F-11D3-BF4B-00C04F79EFBC}") = "Problem1. Leap year", "Problem1. Leap year\Problem1. Leap year.csproj", "{08FCB37B-4F3B-45D7-AFAD-DDB9FB5B38AF}"
EndProject
Project("{FAE04EC0-301F-11D3-BF4B-00C04F79EFBC}") = "Problem2. Random numbers", "Problem2. Random numbers\Problem2. Random numbers.csproj", "{44086A6F-536D-427D-93D6-C1293017D3ED}"
EndProject
Project("{FAE04EC0-301F-11D3-BF4B-00C04F79EFBC}") = "Problem3. Day of week", "Problem3. Day of week\Problem3. Day of week.csproj", "{480830F8-9EAB-4661-8CB4-6C58E508C6D2}"
EndProject
Project("{FAE04EC0-301F-11D3-BF4B-00C04F79EFBC}") = "Problem4. Sum Integers", "Problem4. Sum Integers\Problem4. Sum Integers.csproj", "{F28EDC90-0166-4257-ABB9-24FF28961D8C}"
EndProject
Global
	GlobalSection(SolutionConfigurationPlatforms) = preSolution
		Debug|Any CPU = Debug|Any CPU
		Release|Any CPU = Release|Any CPU
	EndGlobalSection
	GlobalSection(ProjectConfigurationPlatforms) = postSolution
		{08FCB37B-4F3B-45D7-AFAD-DDB9FB5B38AF}.Debug|Any CPU.ActiveCfg = Debug|Any CPU
		{08FCB37B-4F3B-45D7-AFAD-DDB9FB5B38AF}.Debug|Any CPU.Build.0 = Debug|Any CPU
		{08FCB37B-4F3B-45D7-AFAD-DDB9FB5B38AF}.Release|Any CPU.ActiveCfg = Release|Any CPU
		{08FCB37B-4F3B-45D7-AFAD-DDB9FB5B38AF}.Release|Any CPU.Build.0 = Release|Any CPU
		{44086A6F-536D-427D-93D6-C1293017D3ED}.Debug|Any CPU.ActiveCfg = Debug|Any CPU
		{44086A6F-536D-427D-93D6-C1293017D3ED}.Debug|Any CPU.Build.0 = Debug|Any CPU
		{44086A6F-536D-427D-93D6-C1293017D3ED}.Release|Any CPU.ActiveCfg = Release|Any CPU
		{44086A6F-536D-427D-93D6-C1293017D3ED}.Release|Any CPU.Build.0 = Release|Any CPU
		{480830F8-9EAB-4661-8CB4-6C58E508C6D2}.Debug|Any CPU.ActiveCfg = Debug|Any CPU
		{480830F8-9EAB-4661-8CB4-6C58E508C6D2}.Debug|Any CPU.Build.0 = Debug|Any CPU
		{480830F8-9EAB-4661-8CB4-6C58E508C6D2}.Release|Any CPU.ActiveCfg = Release|Any CPU
		{480830F8-9EAB-4661-8CB4-6C58E508C6D2}.Release|Any CPU.Build.0 = Release|Any CPU
		{F28EDC90-0166-4257-ABB9-24FF28961D8C}.Debug|Any CPU.ActiveCfg = Debug|Any CPU
		{F28EDC90-0166-4257-ABB9-24FF28961D8C}.Debug|Any CPU.Build.0 = Debug|Any CPU
		{F28EDC90-0166-4257-ABB9-24FF28961D8C}.Release|Any CPU.ActiveCfg = Release|Any CPU
		{F28EDC90-0166-4257-ABB9-24FF28961D8C}.Release|Any CPU.Build.0 = Release|Any CPU
	EndGlobalSection
	GlobalSection(SolutionProperties) = preSolution
		HideSolutionNode = FALSE
	EndGlobalSection
EndGlobal
